
Microsoft Visual Studio Solution File, Format Version 11.00
# Visual Studio 2010
Project("{FAE04EC0-301F-11D3-BF4B-00C04F79EFBC}") = "Financetastic", "Financetastic\Financetastic.csproj", "{4DD5B57F-0B0D-4C38-81D2-002FC880C25B}"
EndProject
Project("{FAE04EC0-301F-11D3-BF4B-00C04F79EFBC}") = "Financetastic.Model", "Financetastic.Model\Financetastic.Model.csproj", "{CFD91A1C-6884-48E0-8A07-DC680B024F2F}"
EndProject
Project("{FAE04EC0-301F-11D3-BF4B-00C04F79EFBC}") = "Financetastic.Repository", "Financetastic.Repository\Financetastic.Repository.csproj", "{7158B7BF-B943-4A5D-8EC3-275FCA168A1E}"
EndProject
Global
	GlobalSection(SolutionConfigurationPlatforms) = preSolution
		Debug|Any CPU = Debug|Any CPU
		Release|Any CPU = Release|Any CPU
	EndGlobalSection
	GlobalSection(ProjectConfigurationPlatforms) = postSolution
		{4DD5B57F-0B0D-4C38-81D2-002FC880C25B}.Debug|Any CPU.ActiveCfg = Debug|Any CPU
		{4DD5B57F-0B0D-4C38-81D2-002FC880C25B}.Debug|Any CPU.Build.0 = Debug|Any CPU
		{4DD5B57F-0B0D-4C38-81D2-002FC880C25B}.Release|Any CPU.ActiveCfg = Release|Any CPU
		{4DD5B57F-0B0D-4C38-81D2-002FC880C25B}.Release|Any CPU.Build.0 = Release|Any CPU
		{CFD91A1C-6884-48E0-8A07-DC680B024F2F}.Debug|Any CPU.ActiveCfg = Debug|Any CPU
		{CFD91A1C-6884-48E0-8A07-DC680B024F2F}.Debug|Any CPU.Build.0 = Debug|Any CPU
		{CFD91A1C-6884-48E0-8A07-DC680B024F2F}.Release|Any CPU.ActiveCfg = Release|Any CPU
		{CFD91A1C-6884-48E0-8A07-DC680B024F2F}.Release|Any CPU.Build.0 = Release|Any CPU
		{7158B7BF-B943-4A5D-8EC3-275FCA168A1E}.Debug|Any CPU.ActiveCfg = Debug|Any CPU
		{7158B7BF-B943-4A5D-8EC3-275FCA168A1E}.Debug|Any CPU.Build.0 = Debug|Any CPU
		{7158B7BF-B943-4A5D-8EC3-275FCA168A1E}.Release|Any CPU.ActiveCfg = Release|Any CPU
		{7158B7BF-B943-4A5D-8EC3-275FCA168A1E}.Release|Any CPU.Build.0 = Release|Any CPU
	EndGlobalSection
	GlobalSection(SolutionProperties) = preSolution
		HideSolutionNode = FALSE
	EndGlobalSection
EndGlobal
